{
    "version": 3,
    "terraform_version": "0.11.3",
    "serial": 13,
    "lineage": "9c714d51-70e7-4ae8-9a96-dfb877ab3c2d",
    "modules": [
        {
            "path": [
                "root"
            ],
            "outputs": {},
            "resources": {
                "openstack_compute_instance_v2.saltmaster911_xla": {
                    "type": "openstack_compute_instance_v2",
                    "depends_on": [
                        "openstack_compute_keypair_v2.combined-keypair"
                    ],
                    "primary": {
                        "id": "60a06265-4954-4224-886d-7e06b9f57365",
                        "attributes": {
                            "access_ip_v4": "10.81.74.201",
                            "access_ip_v6": "",
                            "all_metadata.%": "2",
                            "all_metadata.purpose": "salt-master",
                            "all_metadata.subpurposes": "default,development",
                            "availability_zone": "nova",
                            "config_drive": "true",
                            "flavor_id": "3",
                            "flavor_name": "m1.medium",
                            "force_delete": "false",
                            "id": "60a06265-4954-4224-886d-7e06b9f57365",
                            "image_id": "8c1fbe53-a84d-4cc5-932a-9b2a81242f07",
                            "image_name": "Ubuntu-1404-EC",
                            "key_pair": "my-keypair",
                            "metadata.%": "2",
                            "metadata.purpose": "salt-master",
                            "metadata.subpurposes": "default,development",
                            "name": "saltmaster911.xla",
                            "network.#": "1",
                            "network.0.access_network": "false",
                            "network.0.fixed_ip_v4": "10.81.74.201",
                            "network.0.fixed_ip_v6": "",
                            "network.0.floating_ip": "",
                            "network.0.mac": "fa:16:3e:4d:04:d0",
                            "network.0.name": "XLA",
                            "network.0.port": "",
                            "network.0.uuid": "603a80a4-d3b2-4426-b112-bd0187f20e3a",
                            "region": "RegionOne",
                            "security_groups.#": "2",
                            "security_groups.2951537049": "secgroup_saltmaster",
                            "security_groups.3814588639": "default",
                            "stop_before_destroy": "false",
                            "user_data": "de8b823b85d8ed76219b23f1ea0a1093003d9ec4"
                        },
                        "meta": {
                            "e2bfb730-ecaa-11e6-8f88-34363bc7c4c0": {
                                "create": 1800000000000,
                                "delete": 1800000000000,
                                "update": 1800000000000
                            }
                        },
                        "tainted": false
                    },
                    "deposed": [],
                    "provider": "provider.openstack"
                },
                "openstack_compute_instance_v2.sici901_xla": {
                    "type": "openstack_compute_instance_v2",
                    "depends_on": [
                        "openstack_compute_keypair_v2.combined-keypair"
                    ],
                    "primary": {
                        "id": "85660b73-daab-4d19-b710-f5374b6f9e3b",
                        "attributes": {
                            "access_ip_v4": "10.81.74.202",
                            "access_ip_v6": "",
                            "all_metadata.%": "2",
                            "all_metadata.purpose": "spare",
                            "all_metadata.subpurposes": "default",
                            "availability_zone": "nova",
                            "config_drive": "true",
                            "flavor_id": "3",
                            "flavor_name": "m1.medium",
                            "force_delete": "false",
                            "id": "85660b73-daab-4d19-b710-f5374b6f9e3b",
                            "image_id": "02de505a-4e30-40d7-a1cf-b639bb87b478",
                            "image_name": "Ubuntu-1604-EC",
                            "key_pair": "my-keypair",
                            "metadata.%": "2",
                            "metadata.purpose": "spare",
                            "metadata.subpurposes": "default",
                            "name": "sici901.xla",
                            "network.#": "1",
                            "network.0.access_network": "false",
                            "network.0.fixed_ip_v4": "10.81.74.202",
                            "network.0.fixed_ip_v6": "",
                            "network.0.floating_ip": "",
                            "network.0.mac": "fa:16:3e:d7:0a:a4",
                            "network.0.name": "XLA",
                            "network.0.port": "",
                            "network.0.uuid": "603a80a4-d3b2-4426-b112-bd0187f20e3a",
                            "region": "RegionOne",
                            "security_groups.#": "2",
                            "security_groups.1438809362": "jenkins",
                            "security_groups.3814588639": "default",
                            "stop_before_destroy": "false",
                            "user_data": "886543bebfcb31bb5e4a039ca702ad382330612d"
                        },
                        "meta": {
                            "e2bfb730-ecaa-11e6-8f88-34363bc7c4c0": {
                                "create": 1800000000000,
                                "delete": 1800000000000,
                                "update": 1800000000000
                            }
                        },
                        "tainted": false
                    },
                    "deposed": [],
                    "provider": "provider.openstack"
                },
                "openstack_compute_instance_v2.sici902_xla": {
                    "type": "openstack_compute_instance_v2",
                    "depends_on": [
                        "openstack_compute_keypair_v2.combined-keypair"
                    ],
                    "primary": {
                        "id": "b41887da-c09d-4a7f-80a1-e3e5cfdf2d47",
                        "attributes": {
                            "access_ip_v4": "10.81.74.207",
                            "access_ip_v6": "",
                            "all_metadata.%": "2",
                            "all_metadata.purpose": "spare",
                            "all_metadata.subpurposes": "default",
                            "availability_zone": "nova",
                            "config_drive": "true",
                            "flavor_id": "3",
                            "flavor_name": "m1.medium",
                            "force_delete": "false",
                            "id": "b41887da-c09d-4a7f-80a1-e3e5cfdf2d47",
                            "image_id": "8c1fbe53-a84d-4cc5-932a-9b2a81242f07",
                            "image_name": "Ubuntu-1404-EC",
                            "key_pair": "my-keypair",
                            "metadata.%": "2",
                            "metadata.purpose": "spare",
                            "metadata.subpurposes": "default",
                            "name": "sici902.xla",
                            "network.#": "1",
                            "network.0.access_network": "false",
                            "network.0.fixed_ip_v4": "10.81.74.207",
                            "network.0.fixed_ip_v6": "",
                            "network.0.floating_ip": "",
                            "network.0.mac": "fa:16:3e:87:06:a2",
                            "network.0.name": "XLA",
                            "network.0.port": "",
                            "network.0.uuid": "603a80a4-d3b2-4426-b112-bd0187f20e3a",
                            "region": "RegionOne",
                            "security_groups.#": "2",
                            "security_groups.1438809362": "jenkins",
                            "security_groups.3814588639": "default",
                            "stop_before_destroy": "false",
                            "user_data": "3f56beefc55d30575fd99fc17934f8eb1f21eff2"
                        },
                        "meta": {
                            "e2bfb730-ecaa-11e6-8f88-34363bc7c4c0": {
                                "create": 1800000000000,
                                "delete": 1800000000000,
                                "update": 1800000000000
                            }
                        },
                        "tainted": false
                    },
                    "deposed": [],
                    "provider": "provider.openstack"
                },
                "openstack_compute_keypair_v2.combined-keypair": {
                    "type": "openstack_compute_keypair_v2",
                    "depends_on": [],
                    "primary": {
                        "id": "my-keypair",
                        "attributes": {
                            "id": "my-keypair",
                            "name": "my-keypair",
                            "public_key": "ssh-rsa AAAAB3NzaC1yc2EAAAADAQABAAACAQCiVcX6uA65G8CNJ/rrcL6qsFVM98zIk+Ig/c8+YvaP8VtcpSUnKGJrRpJIz6LNBjNSTp6/FN8hFL3lE50ggitCLyW7S2p82qV6HMEH9G2EOVWTjrNMCH7FuW8SJvUKXRVwMR+n1QGhkIgGxqDP+h6U1RVvWKcoqvTNKJ1M\ncKjMIRps9f45bAm6oizlYOlolXkFbqHZTXwpks6qyulTdVx0VZxFpck1cZAUhat8pLMHppIPlm9rDStnvwWSCOwg4egNIkPDgTHVLjNrshSNRbyaMjp79t48qnsbz6Xr2VZDpvhh4m1hZQ/u/OHsg8k7UjpZSFnyBvqIRAPscndQBBJbyjeVr4n9hbvsum6LpDR0OFcI6MTc\nfMkmWsXDJcQZMegXRcg04dmxZcnIaBkFCXo6gpurjBqlntoQPjn4Ls8QRP+DpdyRuL6QEjdtW0ir4IKL9q8ktD3WLz4A0mQMCeec7WXAcOslDJhNOt1JpdOT6A0MxpdoQS+l+sQXqHoOFIuo7Vl/X2tNqtS0ijkqnuClheH7H+ailfe43FBBVNjNArelTLFD7fUUyK3mWzDq\ngPIqEUVYHzvhBzlWJp/xCqEBd6AlPLa+/vr/3TTwtkUhCNykSRK7UMDMNV0i2AeHihh1uEpG/K5L3NaR46O//qhSgxEGLRQ2a6i0fHCa+jYiEQ== root@sysops::07-18-2017\n\nssh-rsa AAAAB3NzaC1yc2EAAAADAQABAAACAQDlPxXx53e3hWuJdEnOdI1hjoJp42N1ZSc6jlfle8jr7sV/fJiUpKSKOghqOx/Py0bDpeJH+ysWj1EfM7zKvWYJnIgs59vwD1MKltqcombJMI7BAo0VLHc5D4KSDD2/vWKozxQmwFswLewuxRea1wFPN8f8UIFRryAANK1g\ndJtraxwp+BPlBnwRK+Vf1jSWv/W1YXsOnhcT9mxObawaKdHtpD6pvsdIPyYLtZBY4HLGLIfyUlGrVTm0UFQiCKPN308PURs6UxXjesIMPqqIgfC8n6CFWLTUsLDX1AcMx4NGSJt2s1YWj6eLed08C71i3Rj7pEhvtUqLlG6k8q64ITduYlqc5jcDHOlxt0pIWkXGCVD4eWlp\nfGDcDwWRDCCsPcLn0RK0J3GpFTdEiM7dVQINRoIWFt0f2pWG/zrjW2xOezp6ouztIw64UNNTswrnKpUlw/rmizD8dzerK/4lj7AF7jJ7gcVuOeqY3Fq5Ob/VhyosMbdR+RqmvzScMCOp5uE/rTZl8LPkaWqQ4W3j1JHWV+Tb7/B4fnS3Mho8tikhnwjuDTf9sIGWE6RuZ66p\nHZmc1Hcq72lNk7vivCzvanM0M7j7AC9VhMyBA9YKbO36np61EQVj8sMCOfNKkXQ25nXr2v0AxHdjJ8+UAZHjR2WqDc2lGBuN3scivZJRkS5vbQ== carlos@openstack\n",
                            "region": "RegionOne"
                        },
                        "meta": {},
                        "tainted": false
                    },
                    "deposed": [],
                    "provider": "provider.openstack"
                },
                "openstack_compute_secgroup_v2.secgroup_jenkins": {
                    "type": "openstack_compute_secgroup_v2",
                    "depends_on": [],
                    "primary": {
                        "id": "2e5be0c0-f5d8-4f8e-aa86-df42aca04363",
                        "attributes": {
                            "description": "Jenkins",
                            "id": "2e5be0c0-f5d8-4f8e-aa86-df42aca04363",
                            "name": "jenkins",
                            "region": "RegionOne",
                            "rule.#": "2",
                            "rule.1552579484.cidr": "0.0.0.0/0",
                            "rule.1552579484.from_group_id": "",
                            "rule.1552579484.from_port": "8080",
                            "rule.1552579484.id": "90caee10-6787-41c4-9dce-c46c22d63c62",
                            "rule.1552579484.ip_protocol": "tcp",
                            "rule.1552579484.self": "false",
                            "rule.1552579484.to_port": "8080",
                            "rule.3886239892.cidr": "0.0.0.0/0",
                            "rule.3886239892.from_group_id": "",
                            "rule.3886239892.from_port": "50000",
                            "rule.3886239892.id": "5c313c11-387d-4080-a55b-9aea0179c238",
                            "rule.3886239892.ip_protocol": "tcp",
                            "rule.3886239892.self": "false",
                            "rule.3886239892.to_port": "50000"
                        },
                        "meta": {
                            "e2bfb730-ecaa-11e6-8f88-34363bc7c4c0": {
                                "delete": 600000000000
                            }
                        },
                        "tainted": false
                    },
                    "deposed": [],
                    "provider": "provider.openstack"
                },
                "openstack_compute_secgroup_v2.secgroup_saltmaster": {
                    "type": "openstack_compute_secgroup_v2",
                    "depends_on": [],
                    "primary": {
                        "id": "0daf0a3b-fec5-4b3e-9ae1-fffd3033d616",
                        "attributes": {
                            "description": "Saltmasters",
                            "id": "0daf0a3b-fec5-4b3e-9ae1-fffd3033d616",
                            "name": "secgroup_saltmaster",
                            "region": "RegionOne",
                            "rule.#": "1",
                            "rule.1782256352.cidr": "0.0.0.0/0",
                            "rule.1782256352.from_group_id": "",
                            "rule.1782256352.from_port": "4505",
                            "rule.1782256352.id": "09e96193-2129-4626-aa6e-e4158d9b6048",
                            "rule.1782256352.ip_protocol": "tcp",
                            "rule.1782256352.self": "false",
                            "rule.1782256352.to_port": "4506"
                        },
                        "meta": {
                            "e2bfb730-ecaa-11e6-8f88-34363bc7c4c0": {
                                "delete": 600000000000
                            }
                        },
                        "tainted": false
                    },
                    "deposed": [],
                    "provider": "provider.openstack"
                }
            },
            "depends_on": []
        }
    ]
}
