{
    "version": 3,
    "terraform_version": "0.11.3",
    "serial": 6,
    "lineage": "9c714d51-70e7-4ae8-9a96-dfb877ab3c2d",
    "modules": [
        {
            "path": [
                "root"
            ],
            "outputs": {},
            "resources": {
                "openstack_compute_instance_v2.saltmaster911_xla": {
                    "type": "openstack_compute_instance_v2",
                    "depends_on": [
                        "openstack_compute_keypair_v2.combined-keypair"
                    ],
                    "primary": {
                        "id": "60a06265-4954-4224-886d-7e06b9f57365",
                        "attributes": {
                            "access_ip_v4": "10.81.74.201",
                            "access_ip_v6": "",
                            "all_metadata.%": "2",
                            "all_metadata.purpose": "salt-master",
                            "all_metadata.subpurposes": "default,development",
                            "availability_zone": "nova",
                            "config_drive": "true",
                            "flavor_id": "3",
                            "flavor_name": "m1.medium",
                            "force_delete": "false",
                            "id": "60a06265-4954-4224-886d-7e06b9f57365",
                            "image_id": "8c1fbe53-a84d-4cc5-932a-9b2a81242f07",
                            "image_name": "Ubuntu-1404-EC",
                            "key_pair": "my-keypair",
                            "metadata.%": "2",
                            "metadata.purpose": "salt-master",
                            "metadata.subpurposes": "default,development",
                            "name": "saltmaster911.xla",
                            "network.#": "1",
                            "network.0.access_network": "false",
                            "network.0.fixed_ip_v4": "10.81.74.201",
                            "network.0.fixed_ip_v6": "",
                            "network.0.floating_ip": "",
                            "network.0.mac": "fa:16:3e:4d:04:d0",
                            "network.0.name": "XLA",
                            "network.0.port": "",
                            "network.0.uuid": "603a80a4-d3b2-4426-b112-bd0187f20e3a",
                            "region": "RegionOne",
                            "security_groups.#": "2",
                            "security_groups.2951537049": "secgroup_saltmaster",
                            "security_groups.3814588639": "default",
                            "stop_before_destroy": "false",
                            "user_data": "de8b823b85d8ed76219b23f1ea0a1093003d9ec4"
                        },
                        "meta": {
                            "e2bfb730-ecaa-11e6-8f88-34363bc7c4c0": {
                                "create": 1800000000000,
                                "delete": 1800000000000,
                                "update": 1800000000000
                            }
                        },
                        "tainted": false
                    },
                    "deposed": [],
                    "provider": "provider.openstack"
                },
                "openstack_compute_instance_v2.sici901_xla": {
                    "type": "openstack_compute_instance_v2",
                    "depends_on": [
                        "openstack_compute_keypair_v2.combined-keypair"
                    ],
                    "primary": {
                        "id": "85660b73-daab-4d19-b710-f5374b6f9e3b",
                        "attributes": {
                            "access_ip_v4": "10.81.74.202",
                            "access_ip_v6": "",
                            "all_metadata.%": "2",
                            "all_metadata.purpose": "spare",
                            "all_metadata.subpurposes": "default",
                            "availability_zone": "nova",
                            "config_drive": "true",
                            "flavor_id": "3",
                            "flavor_name": "m1.medium",
                            "force_delete": "false",
                            "id": "85660b73-daab-4d19-b710-f5374b6f9e3b",
                            "image_id": "02de505a-4e30-40d7-a1cf-b639bb87b478",
                            "image_name": "Ubuntu-1604-EC",
                            "key_pair": "my-keypair",
                            "metadata.%": "2",
                            "metadata.purpose": "spare",
                            "metadata.subpurposes": "default",
                            "name": "sici901.xla",
                            "network.#": "1",
                            "network.0.access_network": "false",
                            "network.0.fixed_ip_v4": "10.81.74.202",
                            "network.0.fixed_ip_v6": "",
                            "network.0.floating_ip": "",
                            "network.0.mac": "fa:16:3e:d7:0a:a4",
                            "network.0.name": "XLA",
                            "network.0.port": "",
                            "network.0.uuid": "603a80a4-d3b2-4426-b112-bd0187f20e3a",
                            "region": "RegionOne",
                            "security_groups.#": "1",
                            "security_groups.3814588639": "default",
                            "stop_before_destroy": "false",
                            "user_data": "886543bebfcb31bb5e4a039ca702ad382330612d"
                        },
                        "meta": {
                            "e2bfb730-ecaa-11e6-8f88-34363bc7c4c0": {
                                "create": 1800000000000,
                                "delete": 1800000000000,
                                "update": 1800000000000
                            }
                        },
                        "tainted": false
                    },
                    "deposed": [],
                    "provider": "provider.openstack"
                },
                "openstack_compute_secgroup_v2.secgroup_saltmaster": {
                    "type": "openstack_compute_secgroup_v2",
                    "depends_on": [],
                    "primary": {
                        "id": "0daf0a3b-fec5-4b3e-9ae1-fffd3033d616",
                        "attributes": {
                            "description": "Saltmasters",
                            "id": "0daf0a3b-fec5-4b3e-9ae1-fffd3033d616",
                            "name": "secgroup_saltmaster",
                            "region": "RegionOne",
                            "rule.#": "1",
                            "rule.1782256352.cidr": "0.0.0.0/0",
                            "rule.1782256352.from_group_id": "",
                            "rule.1782256352.from_port": "4505",
                            "rule.1782256352.id": "09e96193-2129-4626-aa6e-e4158d9b6048",
                            "rule.1782256352.ip_protocol": "tcp",
                            "rule.1782256352.self": "false",
                            "rule.1782256352.to_port": "4506"
                        },
                        "meta": {
                            "e2bfb730-ecaa-11e6-8f88-34363bc7c4c0": {
                                "delete": 600000000000
                            }
                        },
                        "tainted": false
                    },
                    "deposed": [],
                    "provider": "provider.openstack"
                }
            },
            "depends_on": []
        }
    ]
}
