{
    "version": 3,
    "terraform_version": "0.11.3",
    "serial": 4,
    "lineage": "9c714d51-70e7-4ae8-9a96-dfb877ab3c2d",
    "modules": [
        {
            "path": [
                "root"
            ],
            "outputs": {},
            "resources": {
                "openstack_compute_instance_v2.saltmaster911_xla": {
                    "type": "openstack_compute_instance_v2",
                    "depends_on": [
                        "openstack_compute_keypair_v2.combined-keypair"
                    ],
                    "primary": {
                        "id": "60a06265-4954-4224-886d-7e06b9f57365",
                        "attributes": {
                            "access_ip_v4": "10.81.74.201",
                            "access_ip_v6": "",
                            "all_metadata.%": "2",
                            "all_metadata.purpose": "salt-master",
                            "all_metadata.subpurposes": "default,development",
                            "availability_zone": "nova",
                            "config_drive": "true",
                            "flavor_id": "3",
                            "flavor_name": "m1.medium",
                            "force_delete": "false",
                            "id": "60a06265-4954-4224-886d-7e06b9f57365",
                            "image_id": "8c1fbe53-a84d-4cc5-932a-9b2a81242f07",
                            "image_name": "Ubuntu-1404-EC",
                            "key_pair": "my-keypair",
                            "metadata.%": "2",
                            "metadata.purpose": "salt-master",
                            "metadata.subpurposes": "default,development",
                            "name": "saltmaster911.xla",
                            "network.#": "1",
                            "network.0.access_network": "false",
                            "network.0.fixed_ip_v4": "10.81.74.201",
                            "network.0.fixed_ip_v6": "",
                            "network.0.floating_ip": "",
                            "network.0.mac": "fa:16:3e:4d:04:d0",
                            "network.0.name": "XLA",
                            "network.0.port": "",
                            "network.0.uuid": "603a80a4-d3b2-4426-b112-bd0187f20e3a",
                            "region": "RegionOne",
                            "security_groups.#": "2",
                            "security_groups.2951537049": "secgroup_saltmaster",
                            "security_groups.3814588639": "default",
                            "stop_before_destroy": "false",
                            "user_data": "de8b823b85d8ed76219b23f1ea0a1093003d9ec4"
                        },
                        "meta": {
                            "e2bfb730-ecaa-11e6-8f88-34363bc7c4c0": {
                                "create": 1800000000000,
                                "delete": 1800000000000,
                                "update": 1800000000000
                            }
                        },
                        "tainted": false
                    },
                    "deposed": [],
                    "provider": "provider.openstack"
                },
                "openstack_compute_keypair_v2.combined-keypair": {
                    "type": "openstack_compute_keypair_v2",
                    "depends_on": [],
                    "primary": {
                        "id": "my-keypair",
                        "attributes": {
                            "id": "my-keypair",
                            "name": "my-keypair",
                            "public_key": "ssh-rsa AAAAB3NzaC1yc2EAAAADAQABAAACAQCiVcX6uA65G8CNJ/rrcL6qsFVM98zIk+Ig/c8+YvaP8VtcpSUnKGJrRpJIz6LNBjNSTp6/FN8hFL3lE50ggitCLyW7S2p82qV6HMEH9G2EOVWTjrNMCH7FuW8SJvUKXRVwMR+n1QGhkIgGxqDP+h6U1RVvWKcoqvTNKJ1McKjMIRps9f45bAm6oizlYOlolXkFbqHZTXwpks6qyulTdVx0VZxFpck1cZAUhat8pLMHppIPlm9rDStnvwWSCOwg4egNIkPDgTHVLjNrshSNRbyaMjp79t48qnsbz6Xr2VZDpvhh4m1hZQ/u/OHsg8k7UjpZSFnyBvqIRAPscndQBBJbyjeVr4n9hbvsum6LpDR0OFcI6MTcfMkmWsXDJcQZMegXRcg04dmxZcnIaBkFCXo6gpurjBqlntoQPjn4Ls8QRP+DpdyRuL6QEjdtW0ir4IKL9q8ktD3WLz4A0mQMCeec7WXAcOslDJhNOt1JpdOT6A0MxpdoQS+l+sQXqHoOFIuo7Vl/X2tNqtS0ijkqnuClheH7H+ailfe43FBBVNjNArelTLFD7fUUyK3mWzDqgPIqEUVYHzvhBzlWJp/xCqEBd6AlPLa+/vr/3TTwtkUhCNykSRK7UMDMNV0i2AeHihh1uEpG/K5L3NaR46O//qhSgxEGLRQ2a6i0fHCa+jYiEQ== root@sysops::07-18-2017\n\nssh-rsa AAAAB3NzaC1yc2EAAAADAQABAAACAQDlPxXx53e3hWuJdEnOdI1hjoJp42N1ZSc6jlfle8jr7sV/fJiUpKSKOghqOx/Py0bDpeJH+ysWj1EfM7zKvWYJnIgs59vwD1MKltqcombJMI7BAo0VLHc5D4KSDD2/vWKozxQmwFswLewuxRea1wFPN8f8UIFRryAANK1gdJtraxwp+BPlBnwRK+Vf1jSWv/W1YXsOnhcT9mxObawaKdHtpD6pvsdIPyYLtZBY4HLGLIfyUlGrVTm0UFQiCKPN308PURs6UxXjesIMPqqIgfC8n6CFWLTUsLDX1AcMx4NGSJt2s1YWj6eLed08C71i3Rj7pEhvtUqLlG6k8q64ITduYlqc5jcDHOlxt0pIWkXGCVD4eWlpfGDcDwWRDCCsPcLn0RK0J3GpFTdEiM7dVQINRoIWFt0f2pWG/zrjW2xOezp6ouztIw64UNNTswrnKpUlw/rmizD8dzerK/4lj7AF7jJ7gcVuOeqY3Fq5Ob/VhyosMbdR+RqmvzScMCOp5uE/rTZl8LPkaWqQ4W3j1JHWV+Tb7/B4fnS3Mho8tikhnwjuDTf9sIGWE6RuZ66pHZmc1Hcq72lNk7vivCzvanM0M7j7AC9VhMyBA9YKbO36np61EQVj8sMCOfNKkXQ25nXr2v0AxHdjJ8+UAZHjR2WqDc2lGBuN3scivZJRkS5vbQ== carlos@openstack\n",
                            "region": "RegionOne"
                        },
                        "meta": {},
                        "tainted": false
                    },
                    "deposed": [],
                    "provider": "provider.openstack"
                },
                "openstack_compute_secgroup_v2.secgroup_edge": {
                    "type": "openstack_compute_secgroup_v2",
                    "depends_on": [],
                    "primary": {
                        "id": "22bff652-aeb0-4412-9fbd-23d554f2f4d0",
                        "attributes": {
                            "description": "Edge Servers",
                            "id": "22bff652-aeb0-4412-9fbd-23d554f2f4d0",
                            "name": "secgroup_edge",
                            "region": "RegionOne",
                            "rule.#": "9",
                            "rule.112275015.cidr": "",
                            "rule.112275015.from_group_id": "",
                            "rule.112275015.from_port": "1",
                            "rule.112275015.id": "68389cda-5c49-4855-80af-6800ddad27bc",
                            "rule.112275015.ip_protocol": "tcp",
                            "rule.112275015.self": "true",
                            "rule.112275015.to_port": "65535",
                            "rule.128898288.cidr": "0.0.0.0/0",
                            "rule.128898288.from_group_id": "",
                            "rule.128898288.from_port": "1119",
                            "rule.128898288.id": "50da5713-0d93-410c-bcce-d8ad9c66cb1b",
                            "rule.128898288.ip_protocol": "tcp",
                            "rule.128898288.self": "false",
                            "rule.128898288.to_port": "1119",
                            "rule.1341112371.cidr": "0.0.0.0/0",
                            "rule.1341112371.from_group_id": "",
                            "rule.1341112371.from_port": "8910",
                            "rule.1341112371.id": "ae94cccb-c972-4ccb-8953-e3508c8c69a1",
                            "rule.1341112371.ip_protocol": "tcp",
                            "rule.1341112371.self": "false",
                            "rule.1341112371.to_port": "8910",
                            "rule.2933922047.cidr": "0.0.0.0/0",
                            "rule.2933922047.from_group_id": "",
                            "rule.2933922047.from_port": "8801",
                            "rule.2933922047.id": "ba8a3d26-48a0-4996-abfe-36938be2a939",
                            "rule.2933922047.ip_protocol": "tcp",
                            "rule.2933922047.self": "false",
                            "rule.2933922047.to_port": "8801",
                            "rule.3211544828.cidr": "0.0.0.0/0",
                            "rule.3211544828.from_group_id": "",
                            "rule.3211544828.from_port": "443",
                            "rule.3211544828.id": "03d8c97c-e087-4d22-8b84-4b049b62e130",
                            "rule.3211544828.ip_protocol": "tcp",
                            "rule.3211544828.self": "false",
                            "rule.3211544828.to_port": "443",
                            "rule.3507440131.cidr": "0.0.0.0/0",
                            "rule.3507440131.from_group_id": "",
                            "rule.3507440131.from_port": "5666",
                            "rule.3507440131.id": "12af0d4c-49a8-48db-94e1-63e0bbb03ee3",
                            "rule.3507440131.ip_protocol": "tcp",
                            "rule.3507440131.self": "false",
                            "rule.3507440131.to_port": "5666",
                            "rule.3719211069.cidr": "0.0.0.0/0",
                            "rule.3719211069.from_group_id": "",
                            "rule.3719211069.from_port": "80",
                            "rule.3719211069.id": "15d23c15-c370-4a9a-9655-5b41bf8c43b3",
                            "rule.3719211069.ip_protocol": "tcp",
                            "rule.3719211069.self": "false",
                            "rule.3719211069.to_port": "80",
                            "rule.392527740.cidr": "0.0.0.0/0",
                            "rule.392527740.from_group_id": "",
                            "rule.392527740.from_port": "199",
                            "rule.392527740.id": "03ba3cf4-d619-4c86-913f-b9a63bba3c16",
                            "rule.392527740.ip_protocol": "tcp",
                            "rule.392527740.self": "false",
                            "rule.392527740.to_port": "199",
                            "rule.836640770.cidr": "0.0.0.0/0",
                            "rule.836640770.from_group_id": "",
                            "rule.836640770.from_port": "22",
                            "rule.836640770.id": "e4afd3c3-f033-4c60-9020-66d4ecad17f9",
                            "rule.836640770.ip_protocol": "tcp",
                            "rule.836640770.self": "false",
                            "rule.836640770.to_port": "22"
                        },
                        "meta": {
                            "e2bfb730-ecaa-11e6-8f88-34363bc7c4c0": {
                                "delete": 600000000000
                            }
                        },
                        "tainted": false
                    },
                    "deposed": [],
                    "provider": "provider.openstack"
                },
                "openstack_compute_secgroup_v2.secgroup_saltmaster": {
                    "type": "openstack_compute_secgroup_v2",
                    "depends_on": [],
                    "primary": {
                        "id": "0daf0a3b-fec5-4b3e-9ae1-fffd3033d616",
                        "attributes": {
                            "description": "Saltmasters",
                            "id": "0daf0a3b-fec5-4b3e-9ae1-fffd3033d616",
                            "name": "secgroup_saltmaster",
                            "region": "RegionOne",
                            "rule.#": "1",
                            "rule.1782256352.cidr": "0.0.0.0/0",
                            "rule.1782256352.from_group_id": "",
                            "rule.1782256352.from_port": "4505",
                            "rule.1782256352.id": "09e96193-2129-4626-aa6e-e4158d9b6048",
                            "rule.1782256352.ip_protocol": "tcp",
                            "rule.1782256352.self": "false",
                            "rule.1782256352.to_port": "4506"
                        },
                        "meta": {
                            "e2bfb730-ecaa-11e6-8f88-34363bc7c4c0": {
                                "delete": 600000000000
                            }
                        },
                        "tainted": false
                    },
                    "deposed": [],
                    "provider": "provider.openstack"
                }
            },
            "depends_on": []
        }
    ]
}
